
Microsoft Visual Studio Solution File, Format Version 12.00
# Visual Studio Version 17
VisualStudioVersion = 17.14.36203.30
MinimumVisualStudioVersion = 10.0.40219.1
Project("{FAE04EC0-301F-11D3-BF4B-00C04F79EFBC}") = "Kingo.Storage", "Kingo.Storage\Kingo.Storage.csproj", "{28B19C1B-CEFC-4817-A288-798AAF53B51C}"
EndProject
Project("{2150E333-8FDC-42A3-9474-1A3956D46DE8}") = "Solution Items", "Solution Items", "{02EA681E-C7D8-13C7-8484-4AC65E1B71E8}"
	ProjectSection(SolutionItems) = preProject
		.editorconfig = .editorconfig
		..\.github\copilot-instructions.md = ..\.github\copilot-instructions.md
		..\README.md = ..\README.md
	EndProjectSection
EndProject
Project("{2150E333-8FDC-42A3-9474-1A3956D46DE8}") = "Storage", "Storage", "{B48D608C-C43F-404A-A32C-D608A65A2760}"
EndProject
Project("{FAE04EC0-301F-11D3-BF4B-00C04F79EFBC}") = "Kingo.Storage.Tests", "Kingo.Storage.Tests\Kingo.Storage.Tests.csproj", "{2A76A5E4-FBB4-4A81-B8F2-F8D0CF6BEC93}"
EndProject
Project("{2150E333-8FDC-42A3-9474-1A3956D46DE8}") = "AuthZ.Server", "AuthZ.Server", "{532DAEF3-704A-4E07-8C39-E4C2C5A31869}"
EndProject
Project("{2150E333-8FDC-42A3-9474-1A3956D46DE8}") = "Specifications", "Specifications", "{267007C5-8BEA-45BA-A3FB-4150F46C40AD}"
EndProject
Project("{FAE04EC0-301F-11D3-BF4B-00C04F79EFBC}") = "Kingo", "Kingo\Kingo.csproj", "{71577A58-3D1D-46A0-8926-75E9527042B8}"
EndProject
Project("{FAE04EC0-301F-11D3-BF4B-00C04F79EFBC}") = "Kingo.Tests", "Kingo.Tests\Kingo.Tests.csproj", "{53B5323D-AB6B-4184-B222-9538F030C0EA}"
EndProject
Project("{FAE04EC0-301F-11D3-BF4B-00C04F79EFBC}") = "Kingo.Specifications", "Kingo.Specifications\Kingo.Specifications.csproj", "{DD0CADB5-1217-A000-900D-2E9814E8F0BA}"
EndProject
Project("{FAE04EC0-301F-11D3-BF4B-00C04F79EFBC}") = "Kingo.Specifications.Tests", "Kingo.Specifications.Tests\Kingo.Specifications.Tests.csproj", "{70F80177-471D-EA27-D3CF-1F766F97D36F}"
EndProject
Project("{FAE04EC0-301F-11D3-BF4B-00C04F79EFBC}") = "Kingo.AuthZ.Server", "Kingo.AuthZ.Server\Kingo.AuthZ.Server.csproj", "{D7DBD6AF-BD0C-9599-14FB-50ADB7579670}"
EndProject
Project("{FAE04EC0-301F-11D3-BF4B-00C04F79EFBC}") = "Kingo.AuthZ.Server.Tests", "Kingo.AuthZ.Server.Tests\Kingo.AuthZ.Server.Tests.csproj", "{F4D88CB5-4EF1-294F-EB46-B49B523A99A4}"
EndProject
Global
	GlobalSection(SolutionConfigurationPlatforms) = preSolution
		Debug|Any CPU = Debug|Any CPU
		Release|Any CPU = Release|Any CPU
	EndGlobalSection
	GlobalSection(ProjectConfigurationPlatforms) = postSolution
		{28B19C1B-CEFC-4817-A288-798AAF53B51C}.Debug|Any CPU.ActiveCfg = Debug|Any CPU
		{28B19C1B-CEFC-4817-A288-798AAF53B51C}.Debug|Any CPU.Build.0 = Debug|Any CPU
		{28B19C1B-CEFC-4817-A288-798AAF53B51C}.Release|Any CPU.ActiveCfg = Release|Any CPU
		{28B19C1B-CEFC-4817-A288-798AAF53B51C}.Release|Any CPU.Build.0 = Release|Any CPU
		{2A76A5E4-FBB4-4A81-B8F2-F8D0CF6BEC93}.Debug|Any CPU.ActiveCfg = Debug|Any CPU
		{2A76A5E4-FBB4-4A81-B8F2-F8D0CF6BEC93}.Debug|Any CPU.Build.0 = Debug|Any CPU
		{2A76A5E4-FBB4-4A81-B8F2-F8D0CF6BEC93}.Release|Any CPU.ActiveCfg = Release|Any CPU
		{2A76A5E4-FBB4-4A81-B8F2-F8D0CF6BEC93}.Release|Any CPU.Build.0 = Release|Any CPU
		{71577A58-3D1D-46A0-8926-75E9527042B8}.Debug|Any CPU.ActiveCfg = Debug|Any CPU
		{71577A58-3D1D-46A0-8926-75E9527042B8}.Debug|Any CPU.Build.0 = Debug|Any CPU
		{71577A58-3D1D-46A0-8926-75E9527042B8}.Release|Any CPU.ActiveCfg = Release|Any CPU
		{71577A58-3D1D-46A0-8926-75E9527042B8}.Release|Any CPU.Build.0 = Release|Any CPU
		{53B5323D-AB6B-4184-B222-9538F030C0EA}.Debug|Any CPU.ActiveCfg = Debug|Any CPU
		{53B5323D-AB6B-4184-B222-9538F030C0EA}.Debug|Any CPU.Build.0 = Debug|Any CPU
		{53B5323D-AB6B-4184-B222-9538F030C0EA}.Release|Any CPU.ActiveCfg = Release|Any CPU
		{53B5323D-AB6B-4184-B222-9538F030C0EA}.Release|Any CPU.Build.0 = Release|Any CPU
		{DD0CADB5-1217-A000-900D-2E9814E8F0BA}.Debug|Any CPU.ActiveCfg = Debug|Any CPU
		{DD0CADB5-1217-A000-900D-2E9814E8F0BA}.Debug|Any CPU.Build.0 = Debug|Any CPU
		{DD0CADB5-1217-A000-900D-2E9814E8F0BA}.Release|Any CPU.ActiveCfg = Release|Any CPU
		{DD0CADB5-1217-A000-900D-2E9814E8F0BA}.Release|Any CPU.Build.0 = Release|Any CPU
		{70F80177-471D-EA27-D3CF-1F766F97D36F}.Debug|Any CPU.ActiveCfg = Debug|Any CPU
		{70F80177-471D-EA27-D3CF-1F766F97D36F}.Debug|Any CPU.Build.0 = Debug|Any CPU
		{70F80177-471D-EA27-D3CF-1F766F97D36F}.Release|Any CPU.ActiveCfg = Release|Any CPU
		{70F80177-471D-EA27-D3CF-1F766F97D36F}.Release|Any CPU.Build.0 = Release|Any CPU
		{D7DBD6AF-BD0C-9599-14FB-50ADB7579670}.Debug|Any CPU.ActiveCfg = Debug|Any CPU
		{D7DBD6AF-BD0C-9599-14FB-50ADB7579670}.Debug|Any CPU.Build.0 = Debug|Any CPU
		{D7DBD6AF-BD0C-9599-14FB-50ADB7579670}.Release|Any CPU.ActiveCfg = Release|Any CPU
		{D7DBD6AF-BD0C-9599-14FB-50ADB7579670}.Release|Any CPU.Build.0 = Release|Any CPU
		{F4D88CB5-4EF1-294F-EB46-B49B523A99A4}.Debug|Any CPU.ActiveCfg = Debug|Any CPU
		{F4D88CB5-4EF1-294F-EB46-B49B523A99A4}.Debug|Any CPU.Build.0 = Debug|Any CPU
		{F4D88CB5-4EF1-294F-EB46-B49B523A99A4}.Release|Any CPU.ActiveCfg = Release|Any CPU
		{F4D88CB5-4EF1-294F-EB46-B49B523A99A4}.Release|Any CPU.Build.0 = Release|Any CPU
	EndGlobalSection
	GlobalSection(SolutionProperties) = preSolution
		HideSolutionNode = FALSE
	EndGlobalSection
	GlobalSection(NestedProjects) = preSolution
		{28B19C1B-CEFC-4817-A288-798AAF53B51C} = {B48D608C-C43F-404A-A32C-D608A65A2760}
		{2A76A5E4-FBB4-4A81-B8F2-F8D0CF6BEC93} = {B48D608C-C43F-404A-A32C-D608A65A2760}
		{DD0CADB5-1217-A000-900D-2E9814E8F0BA} = {267007C5-8BEA-45BA-A3FB-4150F46C40AD}
		{70F80177-471D-EA27-D3CF-1F766F97D36F} = {267007C5-8BEA-45BA-A3FB-4150F46C40AD}
		{D7DBD6AF-BD0C-9599-14FB-50ADB7579670} = {532DAEF3-704A-4E07-8C39-E4C2C5A31869}
		{F4D88CB5-4EF1-294F-EB46-B49B523A99A4} = {532DAEF3-704A-4E07-8C39-E4C2C5A31869}
	EndGlobalSection
	GlobalSection(ExtensibilityGlobals) = postSolution
		SolutionGuid = {630027D9-49A4-4FE1-9D3E-33E715D00499}
	EndGlobalSection
EndGlobal
