
Microsoft Visual Studio Solution File, Format Version 12.00
# Visual Studio Version 17
VisualStudioVersion = 17.14.36203.30
MinimumVisualStudioVersion = 10.0.40219.1
Project("{2150E333-8FDC-42A3-9474-1A3956D46DE8}") = "Solution Items", "Solution Items", "{02EA681E-C7D8-13C7-8484-4AC65E1B71E8}"
	ProjectSection(SolutionItems) = preProject
		.editorconfig = .editorconfig
		..\.github\copilot-instructions.md = ..\.github\copilot-instructions.md
		..\README.md = ..\README.md
	EndProjectSection
EndProject
Project("{2150E333-8FDC-42A3-9474-1A3956D46DE8}") = "Storage", "Storage", "{B48D608C-C43F-404A-A32C-D608A65A2760}"
EndProject
Project("{FAE04EC0-301F-11D3-BF4B-00C04F79EFBC}") = "Kingo", "Kingo\Kingo.csproj", "{71577A58-3D1D-46A0-8926-75E9527042B8}"
EndProject
Project("{FAE04EC0-301F-11D3-BF4B-00C04F79EFBC}") = "Kingo.Tests", "Kingo.Tests\Kingo.Tests.csproj", "{53B5323D-AB6B-4184-B222-9538F030C0EA}"
EndProject
Project("{2150E333-8FDC-42A3-9474-1A3956D46DE8}") = "Acl", "Acl", "{56A2E226-4B6F-4F18-878A-09D20964CEC9}"
EndProject
Project("{FAE04EC0-301F-11D3-BF4B-00C04F79EFBC}") = "Kingo.Acl", "Kingo.Acl\Kingo.Acl.csproj", "{8B083768-6442-42DF-A1C5-3322919BB2B1}"
EndProject
Project("{FAE04EC0-301F-11D3-BF4B-00C04F79EFBC}") = "Kingo.Acl.Tests", "Kingo.Acl.Tests\Kingo.Acl.Tests.csproj", "{431BDA5C-8A95-41D5-B568-F98D2BD1A4C4}"
EndProject
Project("{2150E333-8FDC-42A3-9474-1A3956D46DE8}") = "Json", "Json", "{2A461BCE-2531-4DA5-83B5-97F0A62E6CCA}"
EndProject
Project("{FAE04EC0-301F-11D3-BF4B-00C04F79EFBC}") = "Kingo.Json", "Kingo.Json\Kingo.Json.csproj", "{9988D42E-BCE8-4EC9-9F49-A184F8B6E703}"
EndProject
Project("{FAE04EC0-301F-11D3-BF4B-00C04F79EFBC}") = "Kingo.Storage", "Kingo.Storage\Kingo.Storage.csproj", "{B781684F-E6F3-8E3F-63B8-A9C9A5104572}"
EndProject
Project("{FAE04EC0-301F-11D3-BF4B-00C04F79EFBC}") = "Kingo.Storage.Tests", "Kingo.Storage.Tests\Kingo.Storage.Tests.csproj", "{2115CCA2-DE30-6DA9-F0F8-60D78FCAD3F4}"
EndProject
Project("{2150E333-8FDC-42A3-9474-1A3956D46DE8}") = "Namespaces", "Namespaces", "{828073E2-6512-482A-B9F8-45A4CCB3CA23}"
EndProject
Project("{FAE04EC0-301F-11D3-BF4B-00C04F79EFBC}") = "Kingo.Policies", "Kingo.Namespaces\Kingo.Policies.csproj", "{C4FD4762-8E4C-4435-B036-BA7B085067C4}"
EndProject
Project("{FAE04EC0-301F-11D3-BF4B-00C04F79EFBC}") = "Kingo.Policies.Tests", "Kingo.Namespaces.Tests\Kingo.Policies.Tests.csproj", "{5FAFFE00-6720-449F-89B3-08C4E8B4A91F}"
EndProject
Project("{2150E333-8FDC-42A3-9474-1A3956D46DE8}") = "DictionaryEncoding", "DictionaryEncoding", "{AD13AF37-978C-43B9-8D72-A3DA39E281FC}"
EndProject
Project("{FAE04EC0-301F-11D3-BF4B-00C04F79EFBC}") = "Kingo.DictionaryEncoding", "Kingo.DictionaryEncoding\Kingo.DictionaryEncoding.csproj", "{1B941FDD-92AB-43E3-8A4A-B2D194FF7A49}"
EndProject
Project("{FAE04EC0-301F-11D3-BF4B-00C04F79EFBC}") = "Kingo.DictionaryEncoding.Tests", "Kingo.DictionaryEncoding.Tests\Kingo.DictionaryEncoding.Tests.csproj", "{4F09317F-44CB-494F-9632-06FBCAE7F6AB}"
EndProject
Project("{FAE04EC0-301F-11D3-BF4B-00C04F79EFBC}") = "Kingo.Pap", "Kingo.Pap\Kingo.Pap.csproj", "{837F6B95-AD24-4192-A986-2324ADED959B}"
EndProject
Project("{2150E333-8FDC-42A3-9474-1A3956D46DE8}") = "Pap", "Pap", "{072412FF-1DB9-4185-81F8-1966EC6E9CDA}"
EndProject
Project("{FAE04EC0-301F-11D3-BF4B-00C04F79EFBC}") = "Kingo.Pap.Tests", "Kingo.Pap.Tests\Kingo.Pap.Tests.csproj", "{AC19CFEC-0509-45F9-B0C0-BE065E2E2ABA}"
EndProject
Global
	GlobalSection(SolutionConfigurationPlatforms) = preSolution
		Debug|Any CPU = Debug|Any CPU
		Release|Any CPU = Release|Any CPU
	EndGlobalSection
	GlobalSection(ProjectConfigurationPlatforms) = postSolution
		{71577A58-3D1D-46A0-8926-75E9527042B8}.Debug|Any CPU.ActiveCfg = Debug|Any CPU
		{71577A58-3D1D-46A0-8926-75E9527042B8}.Debug|Any CPU.Build.0 = Debug|Any CPU
		{71577A58-3D1D-46A0-8926-75E9527042B8}.Release|Any CPU.ActiveCfg = Release|Any CPU
		{71577A58-3D1D-46A0-8926-75E9527042B8}.Release|Any CPU.Build.0 = Release|Any CPU
		{53B5323D-AB6B-4184-B222-9538F030C0EA}.Debug|Any CPU.ActiveCfg = Debug|Any CPU
		{53B5323D-AB6B-4184-B222-9538F030C0EA}.Debug|Any CPU.Build.0 = Debug|Any CPU
		{53B5323D-AB6B-4184-B222-9538F030C0EA}.Release|Any CPU.ActiveCfg = Release|Any CPU
		{53B5323D-AB6B-4184-B222-9538F030C0EA}.Release|Any CPU.Build.0 = Release|Any CPU
		{8B083768-6442-42DF-A1C5-3322919BB2B1}.Debug|Any CPU.ActiveCfg = Debug|Any CPU
		{8B083768-6442-42DF-A1C5-3322919BB2B1}.Debug|Any CPU.Build.0 = Debug|Any CPU
		{8B083768-6442-42DF-A1C5-3322919BB2B1}.Release|Any CPU.ActiveCfg = Release|Any CPU
		{8B083768-6442-42DF-A1C5-3322919BB2B1}.Release|Any CPU.Build.0 = Release|Any CPU
		{431BDA5C-8A95-41D5-B568-F98D2BD1A4C4}.Debug|Any CPU.ActiveCfg = Debug|Any CPU
		{431BDA5C-8A95-41D5-B568-F98D2BD1A4C4}.Debug|Any CPU.Build.0 = Debug|Any CPU
		{431BDA5C-8A95-41D5-B568-F98D2BD1A4C4}.Release|Any CPU.ActiveCfg = Release|Any CPU
		{431BDA5C-8A95-41D5-B568-F98D2BD1A4C4}.Release|Any CPU.Build.0 = Release|Any CPU
		{9988D42E-BCE8-4EC9-9F49-A184F8B6E703}.Debug|Any CPU.ActiveCfg = Debug|Any CPU
		{9988D42E-BCE8-4EC9-9F49-A184F8B6E703}.Debug|Any CPU.Build.0 = Debug|Any CPU
		{9988D42E-BCE8-4EC9-9F49-A184F8B6E703}.Release|Any CPU.ActiveCfg = Release|Any CPU
		{9988D42E-BCE8-4EC9-9F49-A184F8B6E703}.Release|Any CPU.Build.0 = Release|Any CPU
		{B781684F-E6F3-8E3F-63B8-A9C9A5104572}.Debug|Any CPU.ActiveCfg = Debug|Any CPU
		{B781684F-E6F3-8E3F-63B8-A9C9A5104572}.Debug|Any CPU.Build.0 = Debug|Any CPU
		{B781684F-E6F3-8E3F-63B8-A9C9A5104572}.Release|Any CPU.ActiveCfg = Release|Any CPU
		{B781684F-E6F3-8E3F-63B8-A9C9A5104572}.Release|Any CPU.Build.0 = Release|Any CPU
		{2115CCA2-DE30-6DA9-F0F8-60D78FCAD3F4}.Debug|Any CPU.ActiveCfg = Debug|Any CPU
		{2115CCA2-DE30-6DA9-F0F8-60D78FCAD3F4}.Debug|Any CPU.Build.0 = Debug|Any CPU
		{2115CCA2-DE30-6DA9-F0F8-60D78FCAD3F4}.Release|Any CPU.ActiveCfg = Release|Any CPU
		{2115CCA2-DE30-6DA9-F0F8-60D78FCAD3F4}.Release|Any CPU.Build.0 = Release|Any CPU
		{C4FD4762-8E4C-4435-B036-BA7B085067C4}.Debug|Any CPU.ActiveCfg = Debug|Any CPU
		{C4FD4762-8E4C-4435-B036-BA7B085067C4}.Debug|Any CPU.Build.0 = Debug|Any CPU
		{C4FD4762-8E4C-4435-B036-BA7B085067C4}.Release|Any CPU.ActiveCfg = Release|Any CPU
		{C4FD4762-8E4C-4435-B036-BA7B085067C4}.Release|Any CPU.Build.0 = Release|Any CPU
		{5FAFFE00-6720-449F-89B3-08C4E8B4A91F}.Debug|Any CPU.ActiveCfg = Debug|Any CPU
		{5FAFFE00-6720-449F-89B3-08C4E8B4A91F}.Debug|Any CPU.Build.0 = Debug|Any CPU
		{5FAFFE00-6720-449F-89B3-08C4E8B4A91F}.Release|Any CPU.ActiveCfg = Release|Any CPU
		{5FAFFE00-6720-449F-89B3-08C4E8B4A91F}.Release|Any CPU.Build.0 = Release|Any CPU
		{1B941FDD-92AB-43E3-8A4A-B2D194FF7A49}.Debug|Any CPU.ActiveCfg = Debug|Any CPU
		{1B941FDD-92AB-43E3-8A4A-B2D194FF7A49}.Debug|Any CPU.Build.0 = Debug|Any CPU
		{1B941FDD-92AB-43E3-8A4A-B2D194FF7A49}.Release|Any CPU.ActiveCfg = Release|Any CPU
		{1B941FDD-92AB-43E3-8A4A-B2D194FF7A49}.Release|Any CPU.Build.0 = Release|Any CPU
		{4F09317F-44CB-494F-9632-06FBCAE7F6AB}.Debug|Any CPU.ActiveCfg = Debug|Any CPU
		{4F09317F-44CB-494F-9632-06FBCAE7F6AB}.Debug|Any CPU.Build.0 = Debug|Any CPU
		{4F09317F-44CB-494F-9632-06FBCAE7F6AB}.Release|Any CPU.ActiveCfg = Release|Any CPU
		{4F09317F-44CB-494F-9632-06FBCAE7F6AB}.Release|Any CPU.Build.0 = Release|Any CPU
		{837F6B95-AD24-4192-A986-2324ADED959B}.Debug|Any CPU.ActiveCfg = Debug|Any CPU
		{837F6B95-AD24-4192-A986-2324ADED959B}.Debug|Any CPU.Build.0 = Debug|Any CPU
		{837F6B95-AD24-4192-A986-2324ADED959B}.Release|Any CPU.ActiveCfg = Release|Any CPU
		{837F6B95-AD24-4192-A986-2324ADED959B}.Release|Any CPU.Build.0 = Release|Any CPU
		{AC19CFEC-0509-45F9-B0C0-BE065E2E2ABA}.Debug|Any CPU.ActiveCfg = Debug|Any CPU
		{AC19CFEC-0509-45F9-B0C0-BE065E2E2ABA}.Debug|Any CPU.Build.0 = Debug|Any CPU
		{AC19CFEC-0509-45F9-B0C0-BE065E2E2ABA}.Release|Any CPU.ActiveCfg = Release|Any CPU
		{AC19CFEC-0509-45F9-B0C0-BE065E2E2ABA}.Release|Any CPU.Build.0 = Release|Any CPU
	EndGlobalSection
	GlobalSection(SolutionProperties) = preSolution
		HideSolutionNode = FALSE
	EndGlobalSection
	GlobalSection(NestedProjects) = preSolution
		{8B083768-6442-42DF-A1C5-3322919BB2B1} = {56A2E226-4B6F-4F18-878A-09D20964CEC9}
		{431BDA5C-8A95-41D5-B568-F98D2BD1A4C4} = {56A2E226-4B6F-4F18-878A-09D20964CEC9}
		{9988D42E-BCE8-4EC9-9F49-A184F8B6E703} = {2A461BCE-2531-4DA5-83B5-97F0A62E6CCA}
		{B781684F-E6F3-8E3F-63B8-A9C9A5104572} = {B48D608C-C43F-404A-A32C-D608A65A2760}
		{2115CCA2-DE30-6DA9-F0F8-60D78FCAD3F4} = {B48D608C-C43F-404A-A32C-D608A65A2760}
		{C4FD4762-8E4C-4435-B036-BA7B085067C4} = {828073E2-6512-482A-B9F8-45A4CCB3CA23}
		{5FAFFE00-6720-449F-89B3-08C4E8B4A91F} = {828073E2-6512-482A-B9F8-45A4CCB3CA23}
		{1B941FDD-92AB-43E3-8A4A-B2D194FF7A49} = {AD13AF37-978C-43B9-8D72-A3DA39E281FC}
		{4F09317F-44CB-494F-9632-06FBCAE7F6AB} = {AD13AF37-978C-43B9-8D72-A3DA39E281FC}
		{837F6B95-AD24-4192-A986-2324ADED959B} = {072412FF-1DB9-4185-81F8-1966EC6E9CDA}
		{AC19CFEC-0509-45F9-B0C0-BE065E2E2ABA} = {072412FF-1DB9-4185-81F8-1966EC6E9CDA}
	EndGlobalSection
	GlobalSection(ExtensibilityGlobals) = postSolution
		SolutionGuid = {630027D9-49A4-4FE1-9D3E-33E715D00499}
	EndGlobalSection
EndGlobal
